
Microsoft Visual Studio Solution File, Format Version 12.00
# Visual Studio Express 15 for Windows Desktop
VisualStudioVersion = 15.0.28307.645
MinimumVisualStudioVersion = 10.0.40219.1
Project("{FAE04EC0-301F-11D3-BF4B-00C04F79EFBC}") = "AutoDisposerComponent", "AutoDisposerComponent\AutoDisposerComponent.csproj", "{DF9E1059-B477-4353-911C-B486FA6D5C30}"
EndProject
Global
	GlobalSection(SolutionConfigurationPlatforms) = preSolution
		Debug|Any CPU = Debug|Any CPU
		Release|Any CPU = Release|Any CPU
	EndGlobalSection
	GlobalSection(ProjectConfigurationPlatforms) = postSolution
		{DF9E1059-B477-4353-911C-B486FA6D5C30}.Debug|Any CPU.ActiveCfg = Debug|Any CPU
		{DF9E1059-B477-4353-911C-B486FA6D5C30}.Debug|Any CPU.Build.0 = Debug|Any CPU
		{DF9E1059-B477-4353-911C-B486FA6D5C30}.Release|Any CPU.ActiveCfg = Release|Any CPU
		{DF9E1059-B477-4353-911C-B486FA6D5C30}.Release|Any CPU.Build.0 = Release|Any CPU
	EndGlobalSection
	GlobalSection(SolutionProperties) = preSolution
		HideSolutionNode = FALSE
	EndGlobalSection
	GlobalSection(ExtensibilityGlobals) = postSolution
		SolutionGuid = {67395680-09A3-4548-8B40-AD91AA7AC7D1}
	EndGlobalSection
EndGlobal
